
Microsoft Visual Studio Solution File, Format Version 12.00
# Visual Studio Version 17
VisualStudioVersion = 17.8.34316.72
MinimumVisualStudioVersion = 10.0.40219.1
Project("{9A19103F-16F7-4668-BE54-9A1E7A4F7556}") = "BlazorServer", "BlazorServer\BlazorServer.csproj", "{B3871B7C-4832-4932-9AA1-29705482458D}"
EndProject
Global
	GlobalSection(SolutionConfigurationPlatforms) = preSolution
		Debug|Any CPU = Debug|Any CPU
		Release|Any CPU = Release|Any CPU
	EndGlobalSection
	GlobalSection(ProjectConfigurationPlatforms) = postSolution
		{B3871B7C-4832-4932-9AA1-29705482458D}.Debug|Any CPU.ActiveCfg = Debug|Any CPU
		{B3871B7C-4832-4932-9AA1-29705482458D}.Debug|Any CPU.Build.0 = Debug|Any CPU
		{B3871B7C-4832-4932-9AA1-29705482458D}.Release|Any CPU.ActiveCfg = Release|Any CPU
		{B3871B7C-4832-4932-9AA1-29705482458D}.Release|Any CPU.Build.0 = Release|Any CPU
	EndGlobalSection
	GlobalSection(SolutionProperties) = preSolution
		HideSolutionNode = FALSE
	EndGlobalSection
	GlobalSection(ExtensibilityGlobals) = postSolution
		SolutionGuid = {26F52A7A-CB1D-4A07-ABE1-421520CF8442}
	EndGlobalSection
EndGlobal
